
Microsoft Visual Studio Solution File, Format Version 12.00
# Visual Studio Version 17
VisualStudioVersion = 17.4.33213.308
MinimumVisualStudioVersion = 10.0.40219.1
Project("{9A19103F-16F7-4668-BE54-9A1E7A4F7556}") = "4pictures1word", "4pictures1word.csproj", "{E72458B1-9DF9-4457-A09B-F15976FEA66F}"
EndProject
Global
	GlobalSection(SolutionConfigurationPlatforms) = preSolution
		Debug|Any CPU = Debug|Any CPU
		Release|Any CPU = Release|Any CPU
	EndGlobalSection
	GlobalSection(ProjectConfigurationPlatforms) = postSolution
		{E72458B1-9DF9-4457-A09B-F15976FEA66F}.Debug|Any CPU.ActiveCfg = Debug|Any CPU
		{E72458B1-9DF9-4457-A09B-F15976FEA66F}.Debug|Any CPU.Build.0 = Debug|Any CPU
		{E72458B1-9DF9-4457-A09B-F15976FEA66F}.Release|Any CPU.ActiveCfg = Release|Any CPU
		{E72458B1-9DF9-4457-A09B-F15976FEA66F}.Release|Any CPU.Build.0 = Release|Any CPU
	EndGlobalSection
	GlobalSection(SolutionProperties) = preSolution
		HideSolutionNode = FALSE
	EndGlobalSection
	GlobalSection(ExtensibilityGlobals) = postSolution
		SolutionGuid = {B569EAE6-48C8-4347-A4AD-2CA492E76653}
	EndGlobalSection
EndGlobal
